
Microsoft Visual Studio Solution File, Format Version 12.00
# Visual Studio Version 17
VisualStudioVersion = 17.3.32804.467
MinimumVisualStudioVersion = 10.0.40219.1
Project("{9A19103F-16F7-4668-BE54-9A1E7A4F7556}") = "TodoItemApi", "TodoItemApi\TodoItemApi.csproj", "{4AB3CA2F-4727-4305-9247-4029F9BE6129}"
EndProject
Project("{9A19103F-16F7-4668-BE54-9A1E7A4F7556}") = "TodoItemApiTest", "TodoItemApiTest\TodoItemApiTest.csproj", "{5EFF962F-7327-42F2-B56F-9CBAEB99D567}"
EndProject
Global
	GlobalSection(SolutionConfigurationPlatforms) = preSolution
		Debug|Any CPU = Debug|Any CPU
		Release|Any CPU = Release|Any CPU
	EndGlobalSection
	GlobalSection(ProjectConfigurationPlatforms) = postSolution
		{4AB3CA2F-4727-4305-9247-4029F9BE6129}.Debug|Any CPU.ActiveCfg = Debug|Any CPU
		{4AB3CA2F-4727-4305-9247-4029F9BE6129}.Debug|Any CPU.Build.0 = Debug|Any CPU
		{4AB3CA2F-4727-4305-9247-4029F9BE6129}.Release|Any CPU.ActiveCfg = Release|Any CPU
		{4AB3CA2F-4727-4305-9247-4029F9BE6129}.Release|Any CPU.Build.0 = Release|Any CPU
		{5EFF962F-7327-42F2-B56F-9CBAEB99D567}.Debug|Any CPU.ActiveCfg = Debug|Any CPU
		{5EFF962F-7327-42F2-B56F-9CBAEB99D567}.Debug|Any CPU.Build.0 = Debug|Any CPU
		{5EFF962F-7327-42F2-B56F-9CBAEB99D567}.Release|Any CPU.ActiveCfg = Release|Any CPU
		{5EFF962F-7327-42F2-B56F-9CBAEB99D567}.Release|Any CPU.Build.0 = Release|Any CPU
	EndGlobalSection
	GlobalSection(SolutionProperties) = preSolution
		HideSolutionNode = FALSE
	EndGlobalSection
	GlobalSection(ExtensibilityGlobals) = postSolution
		SolutionGuid = {DEE1C9D4-B440-4EF5-80E2-43CBD0A677B5}
	EndGlobalSection
EndGlobal
